
Microsoft Visual Studio Solution File, Format Version 12.00
# Visual Studio 15
VisualStudioVersion = 15.0.28307.1382
MinimumVisualStudioVersion = 10.0.40219.1
Project("{FAE04EC0-301F-11D3-BF4B-00C04F79EFBC}") = "TrailingCryptobot", "TrailingCryptobot\TrailingCryptobot.csproj", "{C5D14CA3-930C-49F1-9AF1-0DA9CBE9166B}"
EndProject
Global
	GlobalSection(SolutionConfigurationPlatforms) = preSolution
		Debug|Any CPU = Debug|Any CPU
		Release|Any CPU = Release|Any CPU
	EndGlobalSection
	GlobalSection(ProjectConfigurationPlatforms) = postSolution
		{C5D14CA3-930C-49F1-9AF1-0DA9CBE9166B}.Debug|Any CPU.ActiveCfg = Debug|Any CPU
		{C5D14CA3-930C-49F1-9AF1-0DA9CBE9166B}.Debug|Any CPU.Build.0 = Debug|Any CPU
		{C5D14CA3-930C-49F1-9AF1-0DA9CBE9166B}.Release|Any CPU.ActiveCfg = Release|Any CPU
		{C5D14CA3-930C-49F1-9AF1-0DA9CBE9166B}.Release|Any CPU.Build.0 = Release|Any CPU
	EndGlobalSection
	GlobalSection(SolutionProperties) = preSolution
		HideSolutionNode = FALSE
	EndGlobalSection
	GlobalSection(ExtensibilityGlobals) = postSolution
		SolutionGuid = {CEDB06A4-53E0-4AFB-BBDF-231ED5BD1D20}
	EndGlobalSection
EndGlobal
